# This file is automatically @generated by Cargo.
# It is not intended for manual editing.
version = 4

[[package]]
name = "hello-world"
version = "0.1.0"

[[package]]
name = "walastack"
version = "0.1.0"

[[package]]
name = "walastack-app"
version = "0.1.0"

[[package]]
name = "walastack-cli"
version = "0.1.0"

[[package]]
name = "walastack-http"
version = "0.1.0"

[[package]]
name = "walastack-macros"
version = "0.1.0"

[[package]]
name = "walastack-router"
version = "0.1.0"

[[package]]
name = "walastack-runtime"
version = "0.1.0"

[[package]]
name = "walastack-service"
version = "0.1.0"

[[package]]
name = "walastack-test"
version = "0.1.0"

[[package]]
name = "xtask"
version = "0.1.0"
